hash: 58d2256a782d3d0fed909186f22d6ceeda2e4bd71964f5b5bb969dedc66e1d63
updated: 2018-02-23T11:28:12.031778+08:00
imports:
- name: github.com/davecgh/go-spew
  version: 346938d642f2ec3594ed81d874461961cd0faa76
  subpackages:
  - spew
- name: github.com/google/go-cmp
  version: 3af367b6b30c263d47e8895973edcca9a49cf029
- name: github.com/gopherjs/gopherjs
  version: 444abdf920945de5d4a977b572bcc6c674d1e4eb
  subpackages:
  - js
- name: github.com/hajimehoshi/go-mp3
  version: 3c185f92b8dbceefa913b64cae634ba47f452769
  subpackages:
  - internal/bits
  - internal/consts
  - internal/frame
  - internal/frameheader
  - internal/huffman
  - internal/imdct
  - internal/maindata
  - internal/sideinfo
- name: github.com/hajimehoshi/oto
  version: e2f7012830c68205e59a6663c6e2398f6f778629
  subpackages:
  - internal/jni
- name: github.com/robfig/cron
  version: b024fc5ea0e34bc3f83d9941c8d60b0622bfaca4
- name: go.uber.org/atomic
  version: 8474b86a5a6f79c443ce4b2992817ff32cf208b8
- name: golang.org/x/crypto
  version: dd85ac7e6a88fc6ca420478e934de5f1a42dd3c6
  subpackages:
  - bcrypt
  - blowfish
testImports: []
